
Microsoft Visual Studio Solution File, Format Version 12.00
# Visual Studio Version 16
VisualStudioVersion = 16.0.32106.194
MinimumVisualStudioVersion = 10.0.40219.1
Project("{FAE04EC0-301F-11D3-BF4B-00C04F79EFBC}") = "HelperlandTatvasoft", "HelperlandTatvasoft\HelperlandTatvasoft.csproj", "{0275FE3C-5715-4A74-A380-3F03A870D163}"
EndProject
Global
	GlobalSection(SolutionConfigurationPlatforms) = preSolution
		Debug|Any CPU = Debug|Any CPU
		Release|Any CPU = Release|Any CPU
	EndGlobalSection
	GlobalSection(ProjectConfigurationPlatforms) = postSolution
		{0275FE3C-5715-4A74-A380-3F03A870D163}.Debug|Any CPU.ActiveCfg = Debug|Any CPU
		{0275FE3C-5715-4A74-A380-3F03A870D163}.Debug|Any CPU.Build.0 = Debug|Any CPU
		{0275FE3C-5715-4A74-A380-3F03A870D163}.Release|Any CPU.ActiveCfg = Release|Any CPU
		{0275FE3C-5715-4A74-A380-3F03A870D163}.Release|Any CPU.Build.0 = Release|Any CPU
	EndGlobalSection
	GlobalSection(SolutionProperties) = preSolution
		HideSolutionNode = FALSE
	EndGlobalSection
	GlobalSection(ExtensibilityGlobals) = postSolution
		SolutionGuid = {8CDD67AE-4A7E-480F-BFF5-7F4FAC067066}
	EndGlobalSection
EndGlobal
